
Microsoft Visual Studio Solution File, Format Version 12.00
# Visual Studio Version 17
VisualStudioVersion = 17.4.33205.214
MinimumVisualStudioVersion = 10.0.40219.1
Project("{FAE04EC0-301F-11D3-BF4B-00C04F79EFBC}") = "Ruunning_button", "Ruunning_button\Ruunning_button.csproj", "{7F6E83C0-589D-49AC-92C2-D0C03DE4C25B}"
EndProject
Global
	GlobalSection(SolutionConfigurationPlatforms) = preSolution
		Debug|Any CPU = Debug|Any CPU
		Release|Any CPU = Release|Any CPU
	EndGlobalSection
	GlobalSection(ProjectConfigurationPlatforms) = postSolution
		{7F6E83C0-589D-49AC-92C2-D0C03DE4C25B}.Debug|Any CPU.ActiveCfg = Debug|Any CPU
		{7F6E83C0-589D-49AC-92C2-D0C03DE4C25B}.Debug|Any CPU.Build.0 = Debug|Any CPU
		{7F6E83C0-589D-49AC-92C2-D0C03DE4C25B}.Release|Any CPU.ActiveCfg = Release|Any CPU
		{7F6E83C0-589D-49AC-92C2-D0C03DE4C25B}.Release|Any CPU.Build.0 = Release|Any CPU
	EndGlobalSection
	GlobalSection(SolutionProperties) = preSolution
		HideSolutionNode = FALSE
	EndGlobalSection
	GlobalSection(ExtensibilityGlobals) = postSolution
		SolutionGuid = {D63942F7-82DD-496C-842D-45206AEF60DB}
	EndGlobalSection
EndGlobal
